
Microsoft Visual Studio Solution File, Format Version 12.00
# Visual Studio Version 17
VisualStudioVersion = 17.5.33424.131
MinimumVisualStudioVersion = 10.0.40219.1
Project("{9A19103F-16F7-4668-BE54-9A1E7A4F7556}") = "WebHotels.Domain", "WebHotels.Domain\WebHotels.Domain.csproj", "{4B2D4901-3A3C-49E1-9A8F-789C7163311A}"
EndProject
Project("{9A19103F-16F7-4668-BE54-9A1E7A4F7556}") = "WebHotels.WebUI", "WebHotels.WebUI\WebHotels.WebUI.csproj", "{25B8596F-C9C3-44C7-98B0-74F0E3B89DF2}"
EndProject
Global
	GlobalSection(SolutionConfigurationPlatforms) = preSolution
		Debug|Any CPU = Debug|Any CPU
		Release|Any CPU = Release|Any CPU
	EndGlobalSection
	GlobalSection(ProjectConfigurationPlatforms) = postSolution
		{4B2D4901-3A3C-49E1-9A8F-789C7163311A}.Debug|Any CPU.ActiveCfg = Debug|Any CPU
		{4B2D4901-3A3C-49E1-9A8F-789C7163311A}.Debug|Any CPU.Build.0 = Debug|Any CPU
		{4B2D4901-3A3C-49E1-9A8F-789C7163311A}.Release|Any CPU.ActiveCfg = Release|Any CPU
		{4B2D4901-3A3C-49E1-9A8F-789C7163311A}.Release|Any CPU.Build.0 = Release|Any CPU
		{25B8596F-C9C3-44C7-98B0-74F0E3B89DF2}.Debug|Any CPU.ActiveCfg = Debug|Any CPU
		{25B8596F-C9C3-44C7-98B0-74F0E3B89DF2}.Debug|Any CPU.Build.0 = Debug|Any CPU
		{25B8596F-C9C3-44C7-98B0-74F0E3B89DF2}.Release|Any CPU.ActiveCfg = Release|Any CPU
		{25B8596F-C9C3-44C7-98B0-74F0E3B89DF2}.Release|Any CPU.Build.0 = Release|Any CPU
	EndGlobalSection
	GlobalSection(SolutionProperties) = preSolution
		HideSolutionNode = FALSE
	EndGlobalSection
	GlobalSection(ExtensibilityGlobals) = postSolution
		SolutionGuid = {C20BD096-A359-4266-990D-5DFA42629BF0}
	EndGlobalSection
EndGlobal
